// !$*UTF8*$!
{
	archiveVersion = 1;
	classes = {
	};
	objectVersion = 50;
	objects = {

/* Begin PBXBuildFile section */
		88676161224189EE00BE758D /* AppDelegate.swift in Sources */ = {isa = PBXBuildFile; fileRef = 88676160224189EE00BE758D /* AppDelegate.swift */; };
		88676163224189EE00BE758D /* FirstViewController.swift in Sources */ = {isa = PBXBuildFile; fileRef = 88676162224189EE00BE758D /* FirstViewController.swift */; };
		88676165224189EE00BE758D /* SecondViewController.swift in Sources */ = {isa = PBXBuildFile; fileRef = 88676164224189EE00BE758D /* SecondViewController.swift */; };
		88676168224189EE00BE758D /* Main.storyboard in Resources */ = {isa = PBXBuildFile; fileRef = 88676166224189EE00BE758D /* Main.storyboard */; };
		8867616A224189EE00BE758D /* Assets.xcassets in Resources */ = {isa = PBXBuildFile; fileRef = 88676169224189EE00BE758D /* Assets.xcassets */; };
		8867616D224189EE00BE758D /* LaunchScreen.storyboard in Resources */ = {isa = PBXBuildFile; fileRef = 8867616B224189EE00BE758D /* LaunchScreen.storyboard */; };
		88676178224189EF00BE758D /* HW3Tests.swift in Sources */ = {isa = PBXBuildFile; fileRef = 88676177224189EF00BE758D /* HW3Tests.swift */; };
		88676183224189EF00BE758D /* HW3UITests.swift in Sources */ = {isa = PBXBuildFile; fileRef = 88676182224189EF00BE758D /* HW3UITests.swift */; };
/* End PBXBuildFile section */

/* Begin PBXContainerItemProxy section */
		88676174224189EF00BE758D /* PBXContainerItemProxy */ = {
			isa = PBXContainerItemProxy;
			containerPortal = 88676155224189EE00BE758D /* Project object */;
			proxyType = 1;
			remoteGlobalIDString = 8867615C224189EE00BE758D;
			remoteInfo = HW3;
		};
		8867617F224189EF00BE758D /* PBXContainerItemProxy */ = {
			isa = PBXContainerItemProxy;
			containerPortal = 88676155224189EE00BE758D /* Project object */;
			proxyType = 1;
			remoteGlobalIDString = 8867615C224189EE00BE758D;
			remoteInfo = HW3;
		};
/* End PBXContainerItemProxy section */

/* Begin PBXFileReference section */
		8867615D224189EE00BE758D /* HW3.app */ = {isa = PBXFileReference; explicitFileType = wrapper.application; includeInIndex = 0; path = HW3.app; sourceTree = BUILT_PRODUCTS_DIR; };
		88676160224189EE00BE758D /* AppDelegate.swift */ = {isa = PBXFileReference; lastKnownFileType = sourcecode.swift; path = AppDelegate.swift; sourceTree = "<group>"; };
		88676162224189EE00BE758D /* FirstViewController.swift */ = {isa = PBXFileReference; lastKnownFileType = sourcecode.swift; path = FirstViewController.swift; sourceTree = "<group>"; };
		88676164224189EE00BE758D /* SecondViewController.swift */ = {isa = PBXFileReference; lastKnownFileType = sourcecode.swift; path = SecondViewController.swift; sourceTree = "<group>"; };
		88676167224189EE00BE758D /* Base */ = {isa = PBXFileReference; lastKnownFileType = file.storyboard; name = Base; path = Base.lproj/Main.storyboard; sourceTree = "<group>"; };
		88676169224189EE00BE758D /* Assets.xcassets */ = {isa = PBXFileReference; lastKnownFileType = folder.assetcatalog; path = Assets.xcassets; sourceTree = "<group>"; };
		8867616C224189EE00BE758D /* Base */ = {isa = PBXFileReference; lastKnownFileType = file.storyboard; name = Base; path = Base.lproj/LaunchScreen.storyboard; sourceTree = "<group>"; };
		8867616E224189EE00BE758D /* Info.plist */ = {isa = PBXFileReference; lastKnownFileType = text.plist.xml; path = Info.plist; sourceTree = "<group>"; };
		88676173224189EF00BE758D /* HW3Tests.xctest */ = {isa = PBXFileReference; explicitFileType = wrapper.cfbundle; includeInIndex = 0; path = HW3Tests.xctest; sourceTree = BUILT_PRODUCTS_DIR; };
		88676177224189EF00BE758D /* HW3Tests.swift */ = {isa = PBXFileReference; lastKnownFileType = sourcecode.swift; path = HW3Tests.swift; sourceTree = "<group>"; };
		88676179224189EF00BE758D /* Info.plist */ = {isa = PBXFileReference; lastKnownFileType = text.plist.xml; path = Info.plist; sourceTree = "<group>"; };
		8867617E224189EF00BE758D /* HW3UITests.xctest */ = {isa = PBXFileReference; explicitFileType = wrapper.cfbundle; includeInIndex = 0; path = HW3UITests.xctest; sourceTree = BUILT_PRODUCTS_DIR; };
		88676182224189EF00BE758D /* HW3UITests.swift */ = {isa = PBXFileReference; lastKnownFileType = sourcecode.swift; path = HW3UITests.swift; sourceTree = "<group>"; };
		88676184224189EF00BE758D /* Info.plist */ = {isa = PBXFileReference; lastKnownFileType = text.plist.xml; path = Info.plist; sourceTree = "<group>"; };
/* End PBXFileReference section */

/* Begin PBXFrameworksBuildPhase section */
		8867615A224189EE00BE758D /* Frameworks */ = {
			isa = PBXFrameworksBuildPhase;
			buildActionMask = 2147483647;
			files = (
			);
			runOnlyForDeploymentPostprocessing = 0;
		};
		88676170224189EE00BE758D /* Frameworks */ = {
			isa = PBXFrameworksBuildPhase;
			buildActionMask = 2147483647;
			files = (
			);
			runOnlyForDeploymentPostprocessing = 0;
		};
		8867617B224189EF00BE758D /* Frameworks */ = {
			isa = PBXFrameworksBuildPhase;
			buildActionMask = 2147483647;
			files = (
			);
			runOnlyForDeploymentPostprocessing = 0;
		};
/* End PBXFrameworksBuildPhase section */

/* Begin PBXGroup section */
		88676154224189EE00BE758D = {
			isa = PBXGroup;
			children = (
				8867615F224189EE00BE758D /* HW3 */,
				88676176224189EF00BE758D /* HW3Tests */,
				88676181224189EF00BE758D /* HW3UITests */,
				8867615E224189EE00BE758D /* Products */,
			);
			sourceTree = "<group>";
		};
		8867615E224189EE00BE758D /* Products */ = {
			isa = PBXGroup;
			children = (
				8867615D224189EE00BE758D /* HW3.app */,
				88676173224189EF00BE758D /* HW3Tests.xctest */,
				8867617E224189EF00BE758D /* HW3UITests.xctest */,
			);
			name = Products;
			sourceTree = "<group>";
		};
		8867615F224189EE00BE758D /* HW3 */ = {
			isa = PBXGroup;
			children = (
				88676160224189EE00BE758D /* AppDelegate.swift */,
				88676162224189EE00BE758D /* FirstViewController.swift */,
				88676164224189EE00BE758D /* SecondViewController.swift */,
				88676166224189EE00BE758D /* Main.storyboard */,
				88676169224189EE00BE758D /* Assets.xcassets */,
				8867616B224189EE00BE758D /* LaunchScreen.storyboard */,
				8867616E224189EE00BE758D /* Info.plist */,
			);
			path = HW3;
			sourceTree = "<group>";
		};
		88676176224189EF00BE758D /* HW3Tests */ = {
			isa = PBXGroup;
			children = (
				88676177224189EF00BE758D /* HW3Tests.swift */,
				88676179224189EF00BE758D /* Info.plist */,
			);
			path = HW3Tests;
			sourceTree = "<group>";
		};
		88676181224189EF00BE758D /* HW3UITests */ = {
			isa = PBXGroup;
			children = (
				88676182224189EF00BE758D /* HW3UITests.swift */,
				88676184224189EF00BE758D /* Info.plist */,
			);
			path = HW3UITests;
			sourceTree = "<group>";
		};
/* End PBXGroup section */

/* Begin PBXNativeTarget section */
		8867615C224189EE00BE758D /* HW3 */ = {
			isa = PBXNativeTarget;
			buildConfigurationList = 88676187224189EF00BE758D /* Build configuration list for PBXNativeTarget "HW3" */;
			buildPhases = (
				88676159224189EE00BE758D /* Sources */,
				8867615A224189EE00BE758D /* Frameworks */,
				8867615B224189EE00BE758D /* Resources */,
			);
			buildRules = (
			);
			dependencies = (
			);
			name = HW3;
			productName = HW3;
			productReference = 8867615D224189EE00BE758D /* HW3.app */;
			productType = "com.apple.product-type.application";
		};
		88676172224189EE00BE758D /* HW3Tests */ = {
			isa = PBXNativeTarget;
			buildConfigurationList = 8867618A224189EF00BE758D /* Build configuration list for PBXNativeTarget "HW3Tests" */;
			buildPhases = (
				8867616F224189EE00BE758D /* Sources */,
				88676170224189EE00BE758D /* Frameworks */,
				88676171224189EE00BE758D /* Resources */,
			);
			buildRules = (
			);
			dependencies = (
				88676175224189EF00BE758D /* PBXTargetDependency */,
			);
			name = HW3Tests;
			productName = HW3Tests;
			productReference = 88676173224189EF00BE758D /* HW3Tests.xctest */;
			productType = "com.apple.product-type.bundle.unit-test";
		};
		8867617D224189EF00BE758D /* HW3UITests */ = {
			isa = PBXNativeTarget;
			buildConfigurationList = 8867618D224189EF00BE758D /* Build configuration list for PBXNativeTarget "HW3UITests" */;
			buildPhases = (
				8867617A224189EF00BE758D /* Sources */,
				8867617B224189EF00BE758D /* Frameworks */,
				8867617C224189EF00BE758D /* Resources */,
			);
			buildRules = (
			);
			dependencies = (
				88676180224189EF00BE758D /* PBXTargetDependency */,
			);
			name = HW3UITests;
			productName = HW3UITests;
			productReference = 8867617E224189EF00BE758D /* HW3UITests.xctest */;
			productType = "com.apple.product-type.bundle.ui-testing";
		};
/* End PBXNativeTarget section */

/* Begin PBXProject section */
		88676155224189EE00BE758D /* Project object */ = {
			isa = PBXProject;
			attributes = {
				LastSwiftUpdateCheck = 1010;
				LastUpgradeCheck = 1010;
				ORGANIZATIONNAME = "Cristian Holmes";
				TargetAttributes = {
					8867615C224189EE00BE758D = {
						CreatedOnToolsVersion = 10.1;
					};
					88676172224189EE00BE758D = {
						CreatedOnToolsVersion = 10.1;
						TestTargetID = 8867615C224189EE00BE758D;
					};
					8867617D224189EF00BE758D = {
						CreatedOnToolsVersion = 10.1;
						TestTargetID = 8867615C224189EE00BE758D;
					};
				};
			};
			buildConfigurationList = 88676158224189EE00BE758D /* Build configuration list for PBXProject "HW3" */;
			compatibilityVersion = "Xcode 9.3";
			developmentRegion = en;
			hasScannedForEncodings = 0;
			knownRegions = (
				en,
				Base,
			);
			mainGroup = 88676154224189EE00BE758D;
			productRefGroup = 8867615E224189EE00BE758D /* Products */;
			projectDirPath = "";
			projectRoot = "";
			targets = (
				8867615C224189EE00BE758D /* HW3 */,
				88676172224189EE00BE758D /* HW3Tests */,
				8867617D224189EF00BE758D /* HW3UITests */,
			);
		};
/* End PBXProject section */

/* Begin PBXResourcesBuildPhase section */
		8867615B224189EE00BE758D /* Resources */ = {
			isa = PBXResourcesBuildPhase;
			buildActionMask = 2147483647;
			files = (
				8867616D224189EE00BE758D /* LaunchScreen.storyboard in Resources */,
				8867616A224189EE00BE758D /* Assets.xcassets in Resources */,
				88676168224189EE00BE758D /* Main.storyboard in Resources */,
			);
			runOnlyForDeploymentPostprocessing = 0;
		};
		88676171224189EE00BE758D /* Resources */ = {
			isa = PBXResourcesBuildPhase;
			buildActionMask = 2147483647;
			files = (
			);
			runOnlyForDeploymentPostprocessing = 0;
		};
		8867617C224189EF00BE758D /* Resources */ = {
			isa = PBXResourcesBuildPhase;
			buildActionMask = 2147483647;
			files = (
			);
			runOnlyForDeploymentPostprocessing = 0;
		};
/* End PBXResourcesBuildPhase section */

/* Begin PBXSourcesBuildPhase section */
		88676159224189EE00BE758D /* Sources */ = {
			isa = PBXSourcesBuildPhase;
			buildActionMask = 2147483647;
			files = (
				88676165224189EE00BE758D /* SecondViewController.swift in Sources */,
				88676161224189EE00BE758D /* AppDelegate.swift in Sources */,
				88676163224189EE00BE758D /* FirstViewController.swift in Sources */,
			);
			runOnlyForDeploymentPostprocessing = 0;
		};
		8867616F224189EE00BE758D /* Sources */ = {
			isa = PBXSourcesBuildPhase;
			buildActionMask = 2147483647;
			files = (
				88676178224189EF00BE758D /* HW3Tests.swift in Sources */,
			);
			runOnlyForDeploymentPostprocessing = 0;
		};
		8867617A224189EF00BE758D /* Sources */ = {
			isa = PBXSourcesBuildPhase;
			buildActionMask = 2147483647;
			files = (
				88676183224189EF00BE758D /* HW3UITests.swift in Sources */,
			);
			runOnlyForDeploymentPostprocessing = 0;
		};
/* End PBXSourcesBuildPhase section */

/* Begin PBXTargetDependency section */
		88676175224189EF00BE758D /* PBXTargetDependency */ = {
			isa = PBXTargetDependency;
			target = 8867615C224189EE00BE758D /* HW3 */;
			targetProxy = 88676174224189EF00BE758D /* PBXContainerItemProxy */;
		};
		88676180224189EF00BE758D /* PBXTargetDependency */ = {
			isa = PBXTargetDependency;
			target = 8867615C224189EE00BE758D /* HW3 */;
			targetProxy = 8867617F224189EF00BE758D /* PBXContainerItemProxy */;
		};
/* End PBXTargetDependency section */

/* Begin PBXVariantGroup section */
		88676166224189EE00BE758D /* Main.storyboard */ = {
			isa = PBXVariantGroup;
			children = (
				88676167224189EE00BE758D /* Base */,
			);
			name = Main.storyboard;
			sourceTree = "<group>";
		};
		8867616B224189EE00BE758D /* LaunchScreen.storyboard */ = {
			isa = PBXVariantGroup;
			children = (
				8867616C224189EE00BE758D /* Base */,
			);
			name = LaunchScreen.storyboard;
			sourceTree = "<group>";
		};
/* End PBXVariantGroup section */

/* Begin XCBuildConfiguration section */
		88676185224189EF00BE758D /* Debug */ = {
			isa = XCBuildConfiguration;
			buildSettings = {
				ALWAYS_SEARCH_USER_PATHS = NO;
				CLANG_ANALYZER_NONNULL = YES;
				CLANG_ANALYZER_NUMBER_OBJECT_CONVERSION = YES_AGGRESSIVE;
				CLANG_CXX_LANGUAGE_STANDARD = "gnu++14";
				CLANG_CXX_LIBRARY = "libc++";
				CLANG_ENABLE_MODULES = YES;
				CLANG_ENABLE_OBJC_ARC = YES;
				CLANG_ENABLE_OBJC_WEAK = YES;
				CLANG_WARN_BLOCK_CAPTURE_AUTORELEASING = YES;
				CLANG_WARN_BOOL_CONVERSION = YES;
				CLANG_WARN_COMMA = YES;
				CLANG_WARN_CONSTANT_CONVERSION = YES;
				CLANG_WARN_DEPRECATED_OBJC_IMPLEMENTATIONS = YES;
				CLANG_WARN_DIRECT_OBJC_ISA_USAGE = YES_ERROR;
				CLANG_WARN_DOCUMENTATION_COMMENTS = YES;
				CLANG_WARN_EMPTY_BODY = YES;
				CLANG_WARN_ENUM_CONVERSION = YES;
				CLANG_WARN_INFINITE_RECURSION = YES;
				CLANG_WARN_INT_CONVERSION = YES;
				CLANG_WARN_NON_LITERAL_NULL_CONVERSION = YES;
				CLANG_WARN_OBJC_IMPLICIT_RETAIN_SELF = YES;
				CLANG_WARN_OBJC_LITERAL_CONVERSION = YES;
				CLANG_WARN_OBJC_ROOT_CLASS = YES_ERROR;
				CLANG_WARN_RANGE_LOOP_ANALYSIS = YES;
				CLANG_WARN_STRICT_PROTOTYPES = YES;
				CLANG_WARN_SUSPICIOUS_MOVE = YES;
				CLANG_WARN_UNGUARDED_AVAILABILITY = YES_AGGRESSIVE;
				CLANG_WARN_UNREACHABLE_CODE = YES;
				CLANG_WARN__DUPLICATE_METHOD_MATCH = YES;
				CODE_SIGN_IDENTITY = "iPhone Developer";
				COPY_PHASE_STRIP = NO;
				DEBUG_INFORMATION_FORMAT = dwarf;
				ENABLE_STRICT_OBJC_MSGSEND = YES;
				ENABLE_TESTABILITY = YES;
				GCC_C_LANGUAGE_STANDARD = gnu11;
				GCC_DYNAMIC_NO_PIC = NO;
				GCC_NO_COMMON_BLOCKS = YES;
				GCC_OPTIMIZATION_LEVEL = 0;
				GCC_PREPROCESSOR_DEFINITIONS = (
					"DEBUG=1",
					"$(inherited)",
				);
				GCC_WARN_64_TO_32_BIT_CONVERSION = YES;
				GCC_WARN_ABOUT_RETURN_TYPE = YES_ERROR;
				GCC_WARN_UNDECLARED_SELECTOR = YES;
				GCC_WARN_UNINITIALIZED_AUTOS = YES_AGGRESSIVE;
				GCC_WARN_UNUSED_FUNCTION = YES;
				GCC_WARN_UNUSED_VARIABLE = YES;
				IPHONEOS_DEPLOYMENT_TARGET = 12.1;
				MTL_ENABLE_DEBUG_INFO = INCLUDE_SOURCE;
				MTL_FAST_MATH = YES;
				ONLY_ACTIVE_ARCH = YES;
				SDKROOT = iphoneos;
				SWIFT_ACTIVE_COMPILATION_CONDITIONS = DEBUG;
				SWIFT_OPTIMIZATION_LEVEL = "-Onone";
			};
			name = Debug;
		};
		88676186224189EF00BE758D /* Release */ = {
			isa = XCBuildConfiguration;
			buildSettings = {
				ALWAYS_SEARCH_USER_PATHS = NO;
				CLANG_ANALYZER_NONNULL = YES;
				CLANG_ANALYZER_NUMBER_OBJECT_CONVERSION = YES_AGGRESSIVE;
				CLANG_CXX_LANGUAGE_STANDARD = "gnu++14";
				CLANG_CXX_LIBRARY = "libc++";
				CLANG_ENABLE_MODULES = YES;
				CLANG_ENABLE_OBJC_ARC = YES;
				CLANG_ENABLE_OBJC_WEAK = YES;
				CLANG_WARN_BLOCK_CAPTURE_AUTORELEASING = YES;
				CLANG_WARN_BOOL_CONVERSION = YES;
				CLANG_WARN_COMMA = YES;
				CLANG_WARN_CONSTANT_CONVERSION = YES;
				CLANG_WARN_DEPRECATED_OBJC_IMPLEMENTATIONS = YES;
				CLANG_WARN_DIRECT_OBJC_ISA_USAGE = YES_ERROR;
				CLANG_WARN_DOCUMENTATION_COMMENTS = YES;
				CLANG_WARN_EMPTY_BODY = YES;
				CLANG_WARN_ENUM_CONVERSION = YES;
				CLANG_WARN_INFINITE_RECURSION = YES;
				CLANG_WARN_INT_CONVERSION = YES;
				CLANG_WARN_NON_LITERAL_NULL_CONVERSION = YES;
				CLANG_WARN_OBJC_IMPLICIT_RETAIN_SELF = YES;
				CLANG_WARN_OBJC_LITERAL_CONVERSION = YES;
				CLANG_WARN_OBJC_ROOT_CLASS = YES_ERROR;
				CLANG_WARN_RANGE_LOOP_ANALYSIS = YES;
				CLANG_WARN_STRICT_PROTOTYPES = YES;
				CLANG_WARN_SUSPICIOUS_MOVE = YES;
				CLANG_WARN_UNGUARDED_AVAILABILITY = YES_AGGRESSIVE;
				CLANG_WARN_UNREACHABLE_CODE = YES;
				CLANG_WARN__DUPLICATE_METHOD_MATCH = YES;
				CODE_SIGN_IDENTITY = "iPhone Developer";
				COPY_PHASE_STRIP = NO;
				DEBUG_INFORMATION_FORMAT = "dwarf-with-dsym";
				ENABLE_NS_ASSERTIONS = NO;
				ENABLE_STRICT_OBJC_MSGSEND = YES;
				GCC_C_LANGUAGE_STANDARD = gnu11;
				GCC_NO_COMMON_BLOCKS = YES;
				GCC_WARN_64_TO_32_BIT_CONVERSION = YES;
				GCC_WARN_ABOUT_RETURN_TYPE = YES_ERROR;
				GCC_WARN_UNDECLARED_SELECTOR = YES;
				GCC_WARN_UNINITIALIZED_AUTOS = YES_AGGRESSIVE;
				GCC_WARN_UNUSED_FUNCTION = YES;
				GCC_WARN_UNUSED_VARIABLE = YES;
				IPHONEOS_DEPLOYMENT_TARGET = 12.1;
				MTL_ENABLE_DEBUG_INFO = NO;
				MTL_FAST_MATH = YES;
				SDKROOT = iphoneos;
				SWIFT_COMPILATION_MODE = wholemodule;
				SWIFT_OPTIMIZATION_LEVEL = "-O";
				VALIDATE_PRODUCT = YES;
			};
			name = Release;
		};
		88676188224189EF00BE758D /* Debug */ = {
			isa = XCBuildConfiguration;
			buildSettings = {
				ASSETCATALOG_COMPILER_APPICON_NAME = AppIcon;
				CODE_SIGN_STYLE = Automatic;
				INFOPLIST_FILE = HW3/Info.plist;
				LD_RUNPATH_SEARCH_PATHS = (
					"$(inherited)",
					"@executable_path/Frameworks",
				);
				PRODUCT_BUNDLE_IDENTIFIER = MOBDEV2.HW3;
				PRODUCT_NAME = "$(TARGET_NAME)";
				SWIFT_VERSION = 4.2;
				TARGETED_DEVICE_FAMILY = "1,2";
			};
			name = Debug;
		};
		88676189224189EF00BE758D /* Release */ = {
			isa = XCBuildConfiguration;
			buildSettings = {
				ASSETCATALOG_COMPILER_APPICON_NAME = AppIcon;
				CODE_SIGN_STYLE = Automatic;
				INFOPLIST_FILE = HW3/Info.plist;
				LD_RUNPATH_SEARCH_PATHS = (
					"$(inherited)",
					"@executable_path/Frameworks",
				);
				PRODUCT_BUNDLE_IDENTIFIER = MOBDEV2.HW3;
				PRODUCT_NAME = "$(TARGET_NAME)";
				SWIFT_VERSION = 4.2;
				TARGETED_DEVICE_FAMILY = "1,2";
			};
			name = Release;
		};
		8867618B224189EF00BE758D /* Debug */ = {
			isa = XCBuildConfiguration;
			buildSettings = {
				ALWAYS_EMBED_SWIFT_STANDARD_LIBRARIES = YES;
				BUNDLE_LOADER = "$(TEST_HOST)";
				CODE_SIGN_STYLE = Automatic;
				INFOPLIST_FILE = HW3Tests/Info.plist;
				LD_RUNPATH_SEARCH_PATHS = (
					"$(inherited)",
					"@executable_path/Frameworks",
					"@loader_path/Frameworks",
				);
				PRODUCT_BUNDLE_IDENTIFIER = MOBDEV2.HW3Tests;
				PRODUCT_NAME = "$(TARGET_NAME)";
				SWIFT_VERSION = 4.2;
				TARGETED_DEVICE_FAMILY = "1,2";
				TEST_HOST = "$(BUILT_PRODUCTS_DIR)/HW3.app/HW3";
			};
			name = Debug;
		};
		8867618C224189EF00BE758D /* Release */ = {
			isa = XCBuildConfiguration;
			buildSettings = {
				ALWAYS_EMBED_SWIFT_STANDARD_LIBRARIES = YES;
				BUNDLE_LOADER = "$(TEST_HOST)";
				CODE_SIGN_STYLE = Automatic;
				INFOPLIST_FILE = HW3Tests/Info.plist;
				LD_RUNPATH_SEARCH_PATHS = (
					"$(inherited)",
					"@executable_path/Frameworks",
					"@loader_path/Frameworks",
				);
				PRODUCT_BUNDLE_IDENTIFIER = MOBDEV2.HW3Tests;
				PRODUCT_NAME = "$(TARGET_NAME)";
				SWIFT_VERSION = 4.2;
				TARGETED_DEVICE_FAMILY = "1,2";
				TEST_HOST = "$(BUILT_PRODUCTS_DIR)/HW3.app/HW3";
			};
			name = Release;
		};
		8867618E224189EF00BE758D /* Debug */ = {
			isa = XCBuildConfiguration;
			buildSettings = {
				ALWAYS_EMBED_SWIFT_STANDARD_LIBRARIES = YES;
				CODE_SIGN_STYLE = Automatic;
				INFOPLIST_FILE = HW3UITests/Info.plist;
				LD_RUNPATH_SEARCH_PATHS = (
					"$(inherited)",
					"@executable_path/Frameworks",
					"@loader_path/Frameworks",
				);
				PRODUCT_BUNDLE_IDENTIFIER = MOBDEV2.HW3UITests;
				PRODUCT_NAME = "$(TARGET_NAME)";
				SWIFT_VERSION = 4.2;
				TARGETED_DEVICE_FAMILY = "1,2";
				TEST_TARGET_NAME = HW3;
			};
			name = Debug;
		};
		8867618F224189EF00BE758D /* Release */ = {
			isa = XCBuildConfiguration;
			buildSettings = {
				ALWAYS_EMBED_SWIFT_STANDARD_LIBRARIES = YES;
				CODE_SIGN_STYLE = Automatic;
				INFOPLIST_FILE = HW3UITests/Info.plist;
				LD_RUNPATH_SEARCH_PATHS = (
					"$(inherited)",
					"@executable_path/Frameworks",
					"@loader_path/Frameworks",
				);
				PRODUCT_BUNDLE_IDENTIFIER = MOBDEV2.HW3UITests;
				PRODUCT_NAME = "$(TARGET_NAME)";
				SWIFT_VERSION = 4.2;
				TARGETED_DEVICE_FAMILY = "1,2";
				TEST_TARGET_NAME = HW3;
			};
			name = Release;
		};
/* End XCBuildConfiguration section */

/* Begin XCConfigurationList section */
		88676158224189EE00BE758D /* Build configuration list for PBXProject "HW3" */ = {
			isa = XCConfigurationList;
			buildConfigurations = (
				88676185224189EF00BE758D /* Debug */,
				88676186224189EF00BE758D /* Release */,
			);
			defaultConfigurationIsVisible = 0;
			defaultConfigurationName = Release;
		};
		88676187224189EF00BE758D /* Build configuration list for PBXNativeTarget "HW3" */ = {
			isa = XCConfigurationList;
			buildConfigurations = (
				88676188224189EF00BE758D /* Debug */,
				88676189224189EF00BE758D /* Release */,
			);
			defaultConfigurationIsVisible = 0;
			defaultConfigurationName = Release;
		};
		8867618A224189EF00BE758D /* Build configuration list for PBXNativeTarget "HW3Tests" */ = {
			isa = XCConfigurationList;
			buildConfigurations = (
				8867618B224189EF00BE758D /* Debug */,
				8867618C224189EF00BE758D /* Release */,
			);
			defaultConfigurationIsVisible = 0;
			defaultConfigurationName = Release;
		};
		8867618D224189EF00BE758D /* Build configuration list for PBXNativeTarget "HW3UITests" */ = {
			isa = XCConfigurationList;
			buildConfigurations = (
				8867618E224189EF00BE758D /* Debug */,
				8867618F224189EF00BE758D /* Release */,
			);
			defaultConfigurationIsVisible = 0;
			defaultConfigurationName = Release;
		};
/* End XCConfigurationList section */
	};
	rootObject = 88676155224189EE00BE758D /* Project object */;
}
